// !$*UTF8*$!
{
	archiveVersion = 1;
	classes = {
	};
	objectVersion = 55;
	objects = {

/* Begin PBXBuildFile section */
		C7554F272702007700145838 /* Case12ViewController.swift in Sources */ = {isa = PBXBuildFile; fileRef = C7554F262702007700145838 /* Case12ViewController.swift */; };
		C7554F292702009100145838 /* Case12.storyboard in Resources */ = {isa = PBXBuildFile; fileRef = C7554F282702009100145838 /* Case12.storyboard */; };
		C76AD78B26FF38D800321D9B /* AppDelegate.swift in Sources */ = {isa = PBXBuildFile; fileRef = C76AD78A26FF38D800321D9B /* AppDelegate.swift */; };
		C76AD78D26FF38D800321D9B /* SceneDelegate.swift in Sources */ = {isa = PBXBuildFile; fileRef = C76AD78C26FF38D800321D9B /* SceneDelegate.swift */; };
		C76AD78F26FF38D800321D9B /* Case1ViewController.swift in Sources */ = {isa = PBXBuildFile; fileRef = C76AD78E26FF38D800321D9B /* Case1ViewController.swift */; };
		C76AD79226FF38D800321D9B /* Main.storyboard in Resources */ = {isa = PBXBuildFile; fileRef = C76AD79026FF38D800321D9B /* Main.storyboard */; };
		C76AD79426FF38DB00321D9B /* Assets.xcassets in Resources */ = {isa = PBXBuildFile; fileRef = C76AD79326FF38DB00321D9B /* Assets.xcassets */; };
		C76AD79726FF38DB00321D9B /* LaunchScreen.storyboard in Resources */ = {isa = PBXBuildFile; fileRef = C76AD79526FF38DB00321D9B /* LaunchScreen.storyboard */; };
		C76AD7A226FF38DC00321D9B /* ConcurrencySampleTests.swift in Sources */ = {isa = PBXBuildFile; fileRef = C76AD7A126FF38DC00321D9B /* ConcurrencySampleTests.swift */; };
		C76AD7AC26FF38DC00321D9B /* ConcurrencySampleUITests.swift in Sources */ = {isa = PBXBuildFile; fileRef = C76AD7AB26FF38DC00321D9B /* ConcurrencySampleUITests.swift */; };
		C76AD7AE26FF38DC00321D9B /* ConcurrencySampleUITestsLaunchTests.swift in Sources */ = {isa = PBXBuildFile; fileRef = C76AD7AD26FF38DC00321D9B /* ConcurrencySampleUITestsLaunchTests.swift */; };
		C76AD7BB26FF6EFC00321D9B /* TopViewController.swift in Sources */ = {isa = PBXBuildFile; fileRef = C76AD7BA26FF6EFC00321D9B /* TopViewController.swift */; };
		C76AD7BE26FF71A600321D9B /* Case1.storyboard in Resources */ = {isa = PBXBuildFile; fileRef = C76AD7BD26FF71A600321D9B /* Case1.storyboard */; };
		C76AD7C52700179D00321D9B /* Case2ViewController.swift in Sources */ = {isa = PBXBuildFile; fileRef = C76AD7C42700179D00321D9B /* Case2ViewController.swift */; };
		C76AD7C7270017AA00321D9B /* Case2.storyboard in Resources */ = {isa = PBXBuildFile; fileRef = C76AD7C6270017AA00321D9B /* Case2.storyboard */; };
		C76AD7C927001C4700321D9B /* UIViewController.swift in Sources */ = {isa = PBXBuildFile; fileRef = C76AD7C827001C4700321D9B /* UIViewController.swift */; };
		C76AD7CD270022C400321D9B /* Case3ViewController.swift in Sources */ = {isa = PBXBuildFile; fileRef = C76AD7CC270022C400321D9B /* Case3ViewController.swift */; };
		C76AD7CF270022CF00321D9B /* Case3.storyboard in Resources */ = {isa = PBXBuildFile; fileRef = C76AD7CE270022CF00321D9B /* Case3.storyboard */; };
		C76AD7D2270023FC00321D9B /* User.swift in Sources */ = {isa = PBXBuildFile; fileRef = C76AD7D1270023FC00321D9B /* User.swift */; };
		C76AD7D5270042D000321D9B /* Case5ViewController.swift in Sources */ = {isa = PBXBuildFile; fileRef = C76AD7D4270042D000321D9B /* Case5ViewController.swift */; };
		C76AD7D7270042DC00321D9B /* Case5.storyboard in Resources */ = {isa = PBXBuildFile; fileRef = C76AD7D6270042DC00321D9B /* Case5.storyboard */; };
		C76AD7DA270049F900321D9B /* Case6ViewController.swift in Sources */ = {isa = PBXBuildFile; fileRef = C76AD7D9270049F900321D9B /* Case6ViewController.swift */; };
		C76AD7DC27004A0300321D9B /* Case6.storyboard in Resources */ = {isa = PBXBuildFile; fileRef = C76AD7DB27004A0300321D9B /* Case6.storyboard */; };
		C76AD7DF270092BF00321D9B /* Case9ViewController.swift in Sources */ = {isa = PBXBuildFile; fileRef = C76AD7DE270092BF00321D9B /* Case9ViewController.swift */; };
		C76AD7E1270092CB00321D9B /* Case9.storyboard in Resources */ = {isa = PBXBuildFile; fileRef = C76AD7E0270092CB00321D9B /* Case9.storyboard */; };
		C76AD7E42700996500321D9B /* Case10ViewController.swift in Sources */ = {isa = PBXBuildFile; fileRef = C76AD7E32700996500321D9B /* Case10ViewController.swift */; };
		C76AD7E62700997000321D9B /* Case10.storyboard in Resources */ = {isa = PBXBuildFile; fileRef = C76AD7E52700997000321D9B /* Case10.storyboard */; };
		C76AD7E92700BBAD00321D9B /* Case11ViewController.swift in Sources */ = {isa = PBXBuildFile; fileRef = C76AD7E82700BBAD00321D9B /* Case11ViewController.swift */; };
		C76AD7EB2700BBB800321D9B /* Case11.storyboard in Resources */ = {isa = PBXBuildFile; fileRef = C76AD7EA2700BBB800321D9B /* Case11.storyboard */; };
		C7BEAADE27047F2E0079283E /* Case14ViewController.swift in Sources */ = {isa = PBXBuildFile; fileRef = C7BEAADD27047F2E0079283E /* Case14ViewController.swift */; };
		C7BEAAE027047F3D0079283E /* Case14.storyboard in Resources */ = {isa = PBXBuildFile; fileRef = C7BEAADF27047F3D0079283E /* Case14.storyboard */; };
/* End PBXBuildFile section */

/* Begin PBXContainerItemProxy section */
		C76AD79E26FF38DC00321D9B /* PBXContainerItemProxy */ = {
			isa = PBXContainerItemProxy;
			containerPortal = C76AD77F26FF38D800321D9B /* Project object */;
			proxyType = 1;
			remoteGlobalIDString = C76AD78626FF38D800321D9B;
			remoteInfo = ConcurrencySample;
		};
		C76AD7A826FF38DC00321D9B /* PBXContainerItemProxy */ = {
			isa = PBXContainerItemProxy;
			containerPortal = C76AD77F26FF38D800321D9B /* Project object */;
			proxyType = 1;
			remoteGlobalIDString = C76AD78626FF38D800321D9B;
			remoteInfo = ConcurrencySample;
		};
/* End PBXContainerItemProxy section */

/* Begin PBXFileReference section */
		C7554F262702007700145838 /* Case12ViewController.swift */ = {isa = PBXFileReference; lastKnownFileType = sourcecode.swift; path = Case12ViewController.swift; sourceTree = "<group>"; };
		C7554F282702009100145838 /* Case12.storyboard */ = {isa = PBXFileReference; lastKnownFileType = file.storyboard; path = Case12.storyboard; sourceTree = "<group>"; };
		C76AD78726FF38D800321D9B /* ConcurrencySample.app */ = {isa = PBXFileReference; explicitFileType = wrapper.application; includeInIndex = 0; path = ConcurrencySample.app; sourceTree = BUILT_PRODUCTS_DIR; };
		C76AD78A26FF38D800321D9B /* AppDelegate.swift */ = {isa = PBXFileReference; lastKnownFileType = sourcecode.swift; path = AppDelegate.swift; sourceTree = "<group>"; };
		C76AD78C26FF38D800321D9B /* SceneDelegate.swift */ = {isa = PBXFileReference; lastKnownFileType = sourcecode.swift; path = SceneDelegate.swift; sourceTree = "<group>"; };
		C76AD78E26FF38D800321D9B /* Case1ViewController.swift */ = {isa = PBXFileReference; lastKnownFileType = sourcecode.swift; path = Case1ViewController.swift; sourceTree = "<group>"; };
		C76AD79126FF38D800321D9B /* Base */ = {isa = PBXFileReference; lastKnownFileType = file.storyboard; name = Base; path = Base.lproj/Main.storyboard; sourceTree = "<group>"; };
		C76AD79326FF38DB00321D9B /* Assets.xcassets */ = {isa = PBXFileReference; lastKnownFileType = folder.assetcatalog; path = Assets.xcassets; sourceTree = "<group>"; };
		C76AD79626FF38DB00321D9B /* Base */ = {isa = PBXFileReference; lastKnownFileType = file.storyboard; name = Base; path = Base.lproj/LaunchScreen.storyboard; sourceTree = "<group>"; };
		C76AD79826FF38DB00321D9B /* Info.plist */ = {isa = PBXFileReference; lastKnownFileType = text.plist.xml; path = Info.plist; sourceTree = "<group>"; };
		C76AD79D26FF38DC00321D9B /* ConcurrencySampleTests.xctest */ = {isa = PBXFileReference; explicitFileType = wrapper.cfbundle; includeInIndex = 0; path = ConcurrencySampleTests.xctest; sourceTree = BUILT_PRODUCTS_DIR; };
		C76AD7A126FF38DC00321D9B /* ConcurrencySampleTests.swift */ = {isa = PBXFileReference; lastKnownFileType = sourcecode.swift; path = ConcurrencySampleTests.swift; sourceTree = "<group>"; };
		C76AD7A726FF38DC00321D9B /* ConcurrencySampleUITests.xctest */ = {isa = PBXFileReference; explicitFileType = wrapper.cfbundle; includeInIndex = 0; path = ConcurrencySampleUITests.xctest; sourceTree = BUILT_PRODUCTS_DIR; };
		C76AD7AB26FF38DC00321D9B /* ConcurrencySampleUITests.swift */ = {isa = PBXFileReference; lastKnownFileType = sourcecode.swift; path = ConcurrencySampleUITests.swift; sourceTree = "<group>"; };
		C76AD7AD26FF38DC00321D9B /* ConcurrencySampleUITestsLaunchTests.swift */ = {isa = PBXFileReference; lastKnownFileType = sourcecode.swift; path = ConcurrencySampleUITestsLaunchTests.swift; sourceTree = "<group>"; };
		C76AD7BA26FF6EFC00321D9B /* TopViewController.swift */ = {isa = PBXFileReference; lastKnownFileType = sourcecode.swift; path = TopViewController.swift; sourceTree = "<group>"; };
		C76AD7BD26FF71A600321D9B /* Case1.storyboard */ = {isa = PBXFileReference; lastKnownFileType = file.storyboard; path = Case1.storyboard; sourceTree = "<group>"; };
		C76AD7C42700179D00321D9B /* Case2ViewController.swift */ = {isa = PBXFileReference; lastKnownFileType = sourcecode.swift; path = Case2ViewController.swift; sourceTree = "<group>"; };
		C76AD7C6270017AA00321D9B /* Case2.storyboard */ = {isa = PBXFileReference; lastKnownFileType = file.storyboard; path = Case2.storyboard; sourceTree = "<group>"; };
		C76AD7C827001C4700321D9B /* UIViewController.swift */ = {isa = PBXFileReference; lastKnownFileType = sourcecode.swift; path = UIViewController.swift; sourceTree = "<group>"; };
		C76AD7CC270022C400321D9B /* Case3ViewController.swift */ = {isa = PBXFileReference; lastKnownFileType = sourcecode.swift; path = Case3ViewController.swift; sourceTree = "<group>"; };
		C76AD7CE270022CF00321D9B /* Case3.storyboard */ = {isa = PBXFileReference; lastKnownFileType = file.storyboard; path = Case3.storyboard; sourceTree = "<group>"; };
		C76AD7D1270023FC00321D9B /* User.swift */ = {isa = PBXFileReference; lastKnownFileType = sourcecode.swift; path = User.swift; sourceTree = "<group>"; };
		C76AD7D4270042D000321D9B /* Case5ViewController.swift */ = {isa = PBXFileReference; lastKnownFileType = sourcecode.swift; path = Case5ViewController.swift; sourceTree = "<group>"; };
		C76AD7D6270042DC00321D9B /* Case5.storyboard */ = {isa = PBXFileReference; lastKnownFileType = file.storyboard; path = Case5.storyboard; sourceTree = "<group>"; };
		C76AD7D9270049F900321D9B /* Case6ViewController.swift */ = {isa = PBXFileReference; lastKnownFileType = sourcecode.swift; path = Case6ViewController.swift; sourceTree = "<group>"; };
		C76AD7DB27004A0300321D9B /* Case6.storyboard */ = {isa = PBXFileReference; lastKnownFileType = file.storyboard; path = Case6.storyboard; sourceTree = "<group>"; };
		C76AD7DE270092BF00321D9B /* Case9ViewController.swift */ = {isa = PBXFileReference; lastKnownFileType = sourcecode.swift; path = Case9ViewController.swift; sourceTree = "<group>"; };
		C76AD7E0270092CB00321D9B /* Case9.storyboard */ = {isa = PBXFileReference; lastKnownFileType = file.storyboard; path = Case9.storyboard; sourceTree = "<group>"; };
		C76AD7E32700996500321D9B /* Case10ViewController.swift */ = {isa = PBXFileReference; lastKnownFileType = sourcecode.swift; path = Case10ViewController.swift; sourceTree = "<group>"; };
		C76AD7E52700997000321D9B /* Case10.storyboard */ = {isa = PBXFileReference; lastKnownFileType = file.storyboard; path = Case10.storyboard; sourceTree = "<group>"; };
		C76AD7E82700BBAD00321D9B /* Case11ViewController.swift */ = {isa = PBXFileReference; lastKnownFileType = sourcecode.swift; path = Case11ViewController.swift; sourceTree = "<group>"; };
		C76AD7EA2700BBB800321D9B /* Case11.storyboard */ = {isa = PBXFileReference; lastKnownFileType = file.storyboard; path = Case11.storyboard; sourceTree = "<group>"; };
		C7BEAADD27047F2E0079283E /* Case14ViewController.swift */ = {isa = PBXFileReference; lastKnownFileType = sourcecode.swift; path = Case14ViewController.swift; sourceTree = "<group>"; };
		C7BEAADF27047F3D0079283E /* Case14.storyboard */ = {isa = PBXFileReference; lastKnownFileType = file.storyboard; path = Case14.storyboard; sourceTree = "<group>"; };
/* End PBXFileReference section */

/* Begin PBXFrameworksBuildPhase section */
		C76AD78426FF38D800321D9B /* Frameworks */ = {
			isa = PBXFrameworksBuildPhase;
			buildActionMask = 2147483647;
			files = (
			);
			runOnlyForDeploymentPostprocessing = 0;
		};
		C76AD79A26FF38DC00321D9B /* Frameworks */ = {
			isa = PBXFrameworksBuildPhase;
			buildActionMask = 2147483647;
			files = (
			);
			runOnlyForDeploymentPostprocessing = 0;
		};
		C76AD7A426FF38DC00321D9B /* Frameworks */ = {
			isa = PBXFrameworksBuildPhase;
			buildActionMask = 2147483647;
			files = (
			);
			runOnlyForDeploymentPostprocessing = 0;
		};
/* End PBXFrameworksBuildPhase section */

/* Begin PBXGroup section */
		C7554F252701FFF200145838 /* Case12 */ = {
			isa = PBXGroup;
			children = (
				C7554F262702007700145838 /* Case12ViewController.swift */,
				C7554F282702009100145838 /* Case12.storyboard */,
			);
			path = Case12;
			sourceTree = "<group>";
		};
		C76AD77E26FF38D800321D9B = {
			isa = PBXGroup;
			children = (
				C76AD78926FF38D800321D9B /* ConcurrencySample */,
				C76AD7A026FF38DC00321D9B /* ConcurrencySampleTests */,
				C76AD7AA26FF38DC00321D9B /* ConcurrencySampleUITests */,
				C76AD78826FF38D800321D9B /* Products */,
			);
			sourceTree = "<group>";
		};
		C76AD78826FF38D800321D9B /* Products */ = {
			isa = PBXGroup;
			children = (
				C76AD78726FF38D800321D9B /* ConcurrencySample.app */,
				C76AD79D26FF38DC00321D9B /* ConcurrencySampleTests.xctest */,
				C76AD7A726FF38DC00321D9B /* ConcurrencySampleUITests.xctest */,
			);
			name = Products;
			sourceTree = "<group>";
		};
		C76AD78926FF38D800321D9B /* ConcurrencySample */ = {
			isa = PBXGroup;
			children = (
				C76AD7BF27000F3500321D9B /* Util */,
				C76AD7BC26FF6F0A00321D9B /* Case1 */,
				C76AD7C32700177600321D9B /* Case2 */,
				C76AD7CB270022B100321D9B /* Case3 */,
				C76AD7D3270042B600321D9B /* Case5 */,
				C76AD7D8270049E000321D9B /* Case6 */,
				C76AD7DD270092A400321D9B /* Case9 */,
				C76AD7E22700995000321D9B /* Case10 */,
				C76AD7E72700BB9600321D9B /* Case11 */,
				C7554F252701FFF200145838 /* Case12 */,
				C7BEAADC27047F080079283E /* Case14 */,
				C76AD78A26FF38D800321D9B /* AppDelegate.swift */,
				C76AD78C26FF38D800321D9B /* SceneDelegate.swift */,
				C76AD79026FF38D800321D9B /* Main.storyboard */,
				C76AD79326FF38DB00321D9B /* Assets.xcassets */,
				C76AD79526FF38DB00321D9B /* LaunchScreen.storyboard */,
				C76AD79826FF38DB00321D9B /* Info.plist */,
				C76AD7BA26FF6EFC00321D9B /* TopViewController.swift */,
			);
			path = ConcurrencySample;
			sourceTree = "<group>";
		};
		C76AD7A026FF38DC00321D9B /* ConcurrencySampleTests */ = {
			isa = PBXGroup;
			children = (
				C76AD7A126FF38DC00321D9B /* ConcurrencySampleTests.swift */,
			);
			path = ConcurrencySampleTests;
			sourceTree = "<group>";
		};
		C76AD7AA26FF38DC00321D9B /* ConcurrencySampleUITests */ = {
			isa = PBXGroup;
			children = (
				C76AD7AB26FF38DC00321D9B /* ConcurrencySampleUITests.swift */,
				C76AD7AD26FF38DC00321D9B /* ConcurrencySampleUITestsLaunchTests.swift */,
			);
			path = ConcurrencySampleUITests;
			sourceTree = "<group>";
		};
		C76AD7BC26FF6F0A00321D9B /* Case1 */ = {
			isa = PBXGroup;
			children = (
				C76AD78E26FF38D800321D9B /* Case1ViewController.swift */,
				C76AD7BD26FF71A600321D9B /* Case1.storyboard */,
			);
			path = Case1;
			sourceTree = "<group>";
		};
		C76AD7BF27000F3500321D9B /* Util */ = {
			isa = PBXGroup;
			children = (
				C76AD7D0270023D000321D9B /* Entity */,
				C76AD7C027000F4100321D9B /* Extension */,
			);
			path = Util;
			sourceTree = "<group>";
		};
		C76AD7C027000F4100321D9B /* Extension */ = {
			isa = PBXGroup;
			children = (
				C76AD7C827001C4700321D9B /* UIViewController.swift */,
			);
			path = Extension;
			sourceTree = "<group>";
		};
		C76AD7C32700177600321D9B /* Case2 */ = {
			isa = PBXGroup;
			children = (
				C76AD7C42700179D00321D9B /* Case2ViewController.swift */,
				C76AD7C6270017AA00321D9B /* Case2.storyboard */,
			);
			path = Case2;
			sourceTree = "<group>";
		};
		C76AD7CB270022B100321D9B /* Case3 */ = {
			isa = PBXGroup;
			children = (
				C76AD7CC270022C400321D9B /* Case3ViewController.swift */,
				C76AD7CE270022CF00321D9B /* Case3.storyboard */,
			);
			path = Case3;
			sourceTree = "<group>";
		};
		C76AD7D0270023D000321D9B /* Entity */ = {
			isa = PBXGroup;
			children = (
				C76AD7D1270023FC00321D9B /* User.swift */,
			);
			path = Entity;
			sourceTree = "<group>";
		};
		C76AD7D3270042B600321D9B /* Case5 */ = {
			isa = PBXGroup;
			children = (
				C76AD7D4270042D000321D9B /* Case5ViewController.swift */,
				C76AD7D6270042DC00321D9B /* Case5.storyboard */,
			);
			path = Case5;
			sourceTree = "<group>";
		};
		C76AD7D8270049E000321D9B /* Case6 */ = {
			isa = PBXGroup;
			children = (
				C76AD7D9270049F900321D9B /* Case6ViewController.swift */,
				C76AD7DB27004A0300321D9B /* Case6.storyboard */,
			);
			path = Case6;
			sourceTree = "<group>";
		};
		C76AD7DD270092A400321D9B /* Case9 */ = {
			isa = PBXGroup;
			children = (
				C76AD7DE270092BF00321D9B /* Case9ViewController.swift */,
				C76AD7E0270092CB00321D9B /* Case9.storyboard */,
			);
			path = Case9;
			sourceTree = "<group>";
		};
		C76AD7E22700995000321D9B /* Case10 */ = {
			isa = PBXGroup;
			children = (
				C76AD7E32700996500321D9B /* Case10ViewController.swift */,
				C76AD7E52700997000321D9B /* Case10.storyboard */,
			);
			path = Case10;
			sourceTree = "<group>";
		};
		C76AD7E72700BB9600321D9B /* Case11 */ = {
			isa = PBXGroup;
			children = (
				C76AD7E82700BBAD00321D9B /* Case11ViewController.swift */,
				C76AD7EA2700BBB800321D9B /* Case11.storyboard */,
			);
			path = Case11;
			sourceTree = "<group>";
		};
		C7BEAADC27047F080079283E /* Case14 */ = {
			isa = PBXGroup;
			children = (
				C7BEAADD27047F2E0079283E /* Case14ViewController.swift */,
				C7BEAADF27047F3D0079283E /* Case14.storyboard */,
			);
			path = Case14;
			sourceTree = "<group>";
		};
/* End PBXGroup section */

/* Begin PBXNativeTarget section */
		C76AD78626FF38D800321D9B /* ConcurrencySample */ = {
			isa = PBXNativeTarget;
			buildConfigurationList = C76AD7B126FF38DC00321D9B /* Build configuration list for PBXNativeTarget "ConcurrencySample" */;
			buildPhases = (
				C76AD78326FF38D800321D9B /* Sources */,
				C76AD78426FF38D800321D9B /* Frameworks */,
				C76AD78526FF38D800321D9B /* Resources */,
			);
			buildRules = (
			);
			dependencies = (
			);
			name = ConcurrencySample;
			productName = ConcurrencySample;
			productReference = C76AD78726FF38D800321D9B /* ConcurrencySample.app */;
			productType = "com.apple.product-type.application";
		};
		C76AD79C26FF38DC00321D9B /* ConcurrencySampleTests */ = {
			isa = PBXNativeTarget;
			buildConfigurationList = C76AD7B426FF38DC00321D9B /* Build configuration list for PBXNativeTarget "ConcurrencySampleTests" */;
			buildPhases = (
				C76AD79926FF38DC00321D9B /* Sources */,
				C76AD79A26FF38DC00321D9B /* Frameworks */,
				C76AD79B26FF38DC00321D9B /* Resources */,
			);
			buildRules = (
			);
			dependencies = (
				C76AD79F26FF38DC00321D9B /* PBXTargetDependency */,
			);
			name = ConcurrencySampleTests;
			productName = ConcurrencySampleTests;
			productReference = C76AD79D26FF38DC00321D9B /* ConcurrencySampleTests.xctest */;
			productType = "com.apple.product-type.bundle.unit-test";
		};
		C76AD7A626FF38DC00321D9B /* ConcurrencySampleUITests */ = {
			isa = PBXNativeTarget;
			buildConfigurationList = C76AD7B726FF38DC00321D9B /* Build configuration list for PBXNativeTarget "ConcurrencySampleUITests" */;
			buildPhases = (
				C76AD7A326FF38DC00321D9B /* Sources */,
				C76AD7A426FF38DC00321D9B /* Frameworks */,
				C76AD7A526FF38DC00321D9B /* Resources */,
			);
			buildRules = (
			);
			dependencies = (
				C76AD7A926FF38DC00321D9B /* PBXTargetDependency */,
			);
			name = ConcurrencySampleUITests;
			productName = ConcurrencySampleUITests;
			productReference = C76AD7A726FF38DC00321D9B /* ConcurrencySampleUITests.xctest */;
			productType = "com.apple.product-type.bundle.ui-testing";
		};
/* End PBXNativeTarget section */

/* Begin PBXProject section */
		C76AD77F26FF38D800321D9B /* Project object */ = {
			isa = PBXProject;
			attributes = {
				BuildIndependentTargetsInParallel = 1;
				LastSwiftUpdateCheck = 1300;
				LastUpgradeCheck = 1300;
				TargetAttributes = {
					C76AD78626FF38D800321D9B = {
						CreatedOnToolsVersion = 13.0;
					};
					C76AD79C26FF38DC00321D9B = {
						CreatedOnToolsVersion = 13.0;
						TestTargetID = C76AD78626FF38D800321D9B;
					};
					C76AD7A626FF38DC00321D9B = {
						CreatedOnToolsVersion = 13.0;
						TestTargetID = C76AD78626FF38D800321D9B;
					};
				};
			};
			buildConfigurationList = C76AD78226FF38D800321D9B /* Build configuration list for PBXProject "ConcurrencySample" */;
			compatibilityVersion = "Xcode 13.0";
			developmentRegion = en;
			hasScannedForEncodings = 0;
			knownRegions = (
				en,
				Base,
			);
			mainGroup = C76AD77E26FF38D800321D9B;
			productRefGroup = C76AD78826FF38D800321D9B /* Products */;
			projectDirPath = "";
			projectRoot = "";
			targets = (
				C76AD78626FF38D800321D9B /* ConcurrencySample */,
				C76AD79C26FF38DC00321D9B /* ConcurrencySampleTests */,
				C76AD7A626FF38DC00321D9B /* ConcurrencySampleUITests */,
			);
		};
/* End PBXProject section */

/* Begin PBXResourcesBuildPhase section */
		C76AD78526FF38D800321D9B /* Resources */ = {
			isa = PBXResourcesBuildPhase;
			buildActionMask = 2147483647;
			files = (
				C76AD7BE26FF71A600321D9B /* Case1.storyboard in Resources */,
				C76AD7DC27004A0300321D9B /* Case6.storyboard in Resources */,
				C76AD7C7270017AA00321D9B /* Case2.storyboard in Resources */,
				C76AD79726FF38DB00321D9B /* LaunchScreen.storyboard in Resources */,
				C76AD7EB2700BBB800321D9B /* Case11.storyboard in Resources */,
				C76AD79426FF38DB00321D9B /* Assets.xcassets in Resources */,
				C76AD7D7270042DC00321D9B /* Case5.storyboard in Resources */,
				C76AD7E1270092CB00321D9B /* Case9.storyboard in Resources */,
				C7BEAAE027047F3D0079283E /* Case14.storyboard in Resources */,
				C76AD7CF270022CF00321D9B /* Case3.storyboard in Resources */,
				C76AD79226FF38D800321D9B /* Main.storyboard in Resources */,
				C76AD7E62700997000321D9B /* Case10.storyboard in Resources */,
				C7554F292702009100145838 /* Case12.storyboard in Resources */,
			);
			runOnlyForDeploymentPostprocessing = 0;
		};
		C76AD79B26FF38DC00321D9B /* Resources */ = {
			isa = PBXResourcesBuildPhase;
			buildActionMask = 2147483647;
			files = (
			);
			runOnlyForDeploymentPostprocessing = 0;
		};
		C76AD7A526FF38DC00321D9B /* Resources */ = {
			isa = PBXResourcesBuildPhase;
			buildActionMask = 2147483647;
			files = (
			);
			runOnlyForDeploymentPostprocessing = 0;
		};
/* End PBXResourcesBuildPhase section */

/* Begin PBXSourcesBuildPhase section */
		C76AD78326FF38D800321D9B /* Sources */ = {
			isa = PBXSourcesBuildPhase;
			buildActionMask = 2147483647;
			files = (
				C76AD7BB26FF6EFC00321D9B /* TopViewController.swift in Sources */,
				C7554F272702007700145838 /* Case12ViewController.swift in Sources */,
				C76AD7E42700996500321D9B /* Case10ViewController.swift in Sources */,
				C76AD7CD270022C400321D9B /* Case3ViewController.swift in Sources */,
				C76AD78F26FF38D800321D9B /* Case1ViewController.swift in Sources */,
				C76AD7E92700BBAD00321D9B /* Case11ViewController.swift in Sources */,
				C76AD7DA270049F900321D9B /* Case6ViewController.swift in Sources */,
				C76AD7C927001C4700321D9B /* UIViewController.swift in Sources */,
				C76AD7D2270023FC00321D9B /* User.swift in Sources */,
				C76AD78B26FF38D800321D9B /* AppDelegate.swift in Sources */,
				C7BEAADE27047F2E0079283E /* Case14ViewController.swift in Sources */,
				C76AD7D5270042D000321D9B /* Case5ViewController.swift in Sources */,
				C76AD7DF270092BF00321D9B /* Case9ViewController.swift in Sources */,
				C76AD78D26FF38D800321D9B /* SceneDelegate.swift in Sources */,
				C76AD7C52700179D00321D9B /* Case2ViewController.swift in Sources */,
			);
			runOnlyForDeploymentPostprocessing = 0;
		};
		C76AD79926FF38DC00321D9B /* Sources */ = {
			isa = PBXSourcesBuildPhase;
			buildActionMask = 2147483647;
			files = (
				C76AD7A226FF38DC00321D9B /* ConcurrencySampleTests.swift in Sources */,
			);
			runOnlyForDeploymentPostprocessing = 0;
		};
		C76AD7A326FF38DC00321D9B /* Sources */ = {
			isa = PBXSourcesBuildPhase;
			buildActionMask = 2147483647;
			files = (
				C76AD7AE26FF38DC00321D9B /* ConcurrencySampleUITestsLaunchTests.swift in Sources */,
				C76AD7AC26FF38DC00321D9B /* ConcurrencySampleUITests.swift in Sources */,
			);
			runOnlyForDeploymentPostprocessing = 0;
		};
/* End PBXSourcesBuildPhase section */

/* Begin PBXTargetDependency section */
		C76AD79F26FF38DC00321D9B /* PBXTargetDependency */ = {
			isa = PBXTargetDependency;
			target = C76AD78626FF38D800321D9B /* ConcurrencySample */;
			targetProxy = C76AD79E26FF38DC00321D9B /* PBXContainerItemProxy */;
		};
		C76AD7A926FF38DC00321D9B /* PBXTargetDependency */ = {
			isa = PBXTargetDependency;
			target = C76AD78626FF38D800321D9B /* ConcurrencySample */;
			targetProxy = C76AD7A826FF38DC00321D9B /* PBXContainerItemProxy */;
		};
/* End PBXTargetDependency section */

/* Begin PBXVariantGroup section */
		C76AD79026FF38D800321D9B /* Main.storyboard */ = {
			isa = PBXVariantGroup;
			children = (
				C76AD79126FF38D800321D9B /* Base */,
			);
			name = Main.storyboard;
			sourceTree = "<group>";
		};
		C76AD79526FF38DB00321D9B /* LaunchScreen.storyboard */ = {
			isa = PBXVariantGroup;
			children = (
				C76AD79626FF38DB00321D9B /* Base */,
			);
			name = LaunchScreen.storyboard;
			sourceTree = "<group>";
		};
/* End PBXVariantGroup section */

/* Begin XCBuildConfiguration section */
		C76AD7AF26FF38DC00321D9B /* Debug */ = {
			isa = XCBuildConfiguration;
			buildSettings = {
				ALWAYS_SEARCH_USER_PATHS = NO;
				CLANG_ANALYZER_NONNULL = YES;
				CLANG_ANALYZER_NUMBER_OBJECT_CONVERSION = YES_AGGRESSIVE;
				CLANG_CXX_LANGUAGE_STANDARD = "gnu++17";
				CLANG_CXX_LIBRARY = "libc++";
				CLANG_ENABLE_MODULES = YES;
				CLANG_ENABLE_OBJC_ARC = YES;
				CLANG_ENABLE_OBJC_WEAK = YES;
				CLANG_WARN_BLOCK_CAPTURE_AUTORELEASING = YES;
				CLANG_WARN_BOOL_CONVERSION = YES;
				CLANG_WARN_COMMA = YES;
				CLANG_WARN_CONSTANT_CONVERSION = YES;
				CLANG_WARN_DEPRECATED_OBJC_IMPLEMENTATIONS = YES;
				CLANG_WARN_DIRECT_OBJC_ISA_USAGE = YES_ERROR;
				CLANG_WARN_DOCUMENTATION_COMMENTS = YES;
				CLANG_WARN_EMPTY_BODY = YES;
				CLANG_WARN_ENUM_CONVERSION = YES;
				CLANG_WARN_INFINITE_RECURSION = YES;
				CLANG_WARN_INT_CONVERSION = YES;
				CLANG_WARN_NON_LITERAL_NULL_CONVERSION = YES;
				CLANG_WARN_OBJC_IMPLICIT_RETAIN_SELF = YES;
				CLANG_WARN_OBJC_LITERAL_CONVERSION = YES;
				CLANG_WARN_OBJC_ROOT_CLASS = YES_ERROR;
				CLANG_WARN_QUOTED_INCLUDE_IN_FRAMEWORK_HEADER = YES;
				CLANG_WARN_RANGE_LOOP_ANALYSIS = YES;
				CLANG_WARN_STRICT_PROTOTYPES = YES;
				CLANG_WARN_SUSPICIOUS_MOVE = YES;
				CLANG_WARN_UNGUARDED_AVAILABILITY = YES_AGGRESSIVE;
				CLANG_WARN_UNREACHABLE_CODE = YES;
				CLANG_WARN__DUPLICATE_METHOD_MATCH = YES;
				COPY_PHASE_STRIP = NO;
				DEBUG_INFORMATION_FORMAT = dwarf;
				ENABLE_STRICT_OBJC_MSGSEND = YES;
				ENABLE_TESTABILITY = YES;
				GCC_C_LANGUAGE_STANDARD = gnu11;
				GCC_DYNAMIC_NO_PIC = NO;
				GCC_NO_COMMON_BLOCKS = YES;
				GCC_OPTIMIZATION_LEVEL = 0;
				GCC_PREPROCESSOR_DEFINITIONS = (
					"DEBUG=1",
					"$(inherited)",
				);
				GCC_WARN_64_TO_32_BIT_CONVERSION = YES;
				GCC_WARN_ABOUT_RETURN_TYPE = YES_ERROR;
				GCC_WARN_UNDECLARED_SELECTOR = YES;
				GCC_WARN_UNINITIALIZED_AUTOS = YES_AGGRESSIVE;
				GCC_WARN_UNUSED_FUNCTION = YES;
				GCC_WARN_UNUSED_VARIABLE = YES;
				IPHONEOS_DEPLOYMENT_TARGET = 15.0;
				MTL_ENABLE_DEBUG_INFO = INCLUDE_SOURCE;
				MTL_FAST_MATH = YES;
				ONLY_ACTIVE_ARCH = YES;
				SDKROOT = iphoneos;
				SWIFT_ACTIVE_COMPILATION_CONDITIONS = DEBUG;
				SWIFT_OPTIMIZATION_LEVEL = "-Onone";
			};
			name = Debug;
		};
		C76AD7B026FF38DC00321D9B /* Release */ = {
			isa = XCBuildConfiguration;
			buildSettings = {
				ALWAYS_SEARCH_USER_PATHS = NO;
				CLANG_ANALYZER_NONNULL = YES;
				CLANG_ANALYZER_NUMBER_OBJECT_CONVERSION = YES_AGGRESSIVE;
				CLANG_CXX_LANGUAGE_STANDARD = "gnu++17";
				CLANG_CXX_LIBRARY = "libc++";
				CLANG_ENABLE_MODULES = YES;
				CLANG_ENABLE_OBJC_ARC = YES;
				CLANG_ENABLE_OBJC_WEAK = YES;
				CLANG_WARN_BLOCK_CAPTURE_AUTORELEASING = YES;
				CLANG_WARN_BOOL_CONVERSION = YES;
				CLANG_WARN_COMMA = YES;
				CLANG_WARN_CONSTANT_CONVERSION = YES;
				CLANG_WARN_DEPRECATED_OBJC_IMPLEMENTATIONS = YES;
				CLANG_WARN_DIRECT_OBJC_ISA_USAGE = YES_ERROR;
				CLANG_WARN_DOCUMENTATION_COMMENTS = YES;
				CLANG_WARN_EMPTY_BODY = YES;
				CLANG_WARN_ENUM_CONVERSION = YES;
				CLANG_WARN_INFINITE_RECURSION = YES;
				CLANG_WARN_INT_CONVERSION = YES;
				CLANG_WARN_NON_LITERAL_NULL_CONVERSION = YES;
				CLANG_WARN_OBJC_IMPLICIT_RETAIN_SELF = YES;
				CLANG_WARN_OBJC_LITERAL_CONVERSION = YES;
				CLANG_WARN_OBJC_ROOT_CLASS = YES_ERROR;
				CLANG_WARN_QUOTED_INCLUDE_IN_FRAMEWORK_HEADER = YES;
				CLANG_WARN_RANGE_LOOP_ANALYSIS = YES;
				CLANG_WARN_STRICT_PROTOTYPES = YES;
				CLANG_WARN_SUSPICIOUS_MOVE = YES;
				CLANG_WARN_UNGUARDED_AVAILABILITY = YES_AGGRESSIVE;
				CLANG_WARN_UNREACHABLE_CODE = YES;
				CLANG_WARN__DUPLICATE_METHOD_MATCH = YES;
				COPY_PHASE_STRIP = NO;
				DEBUG_INFORMATION_FORMAT = "dwarf-with-dsym";
				ENABLE_NS_ASSERTIONS = NO;
				ENABLE_STRICT_OBJC_MSGSEND = YES;
				GCC_C_LANGUAGE_STANDARD = gnu11;
				GCC_NO_COMMON_BLOCKS = YES;
				GCC_WARN_64_TO_32_BIT_CONVERSION = YES;
				GCC_WARN_ABOUT_RETURN_TYPE = YES_ERROR;
				GCC_WARN_UNDECLARED_SELECTOR = YES;
				GCC_WARN_UNINITIALIZED_AUTOS = YES_AGGRESSIVE;
				GCC_WARN_UNUSED_FUNCTION = YES;
				GCC_WARN_UNUSED_VARIABLE = YES;
				IPHONEOS_DEPLOYMENT_TARGET = 15.0;
				MTL_ENABLE_DEBUG_INFO = NO;
				MTL_FAST_MATH = YES;
				SDKROOT = iphoneos;
				SWIFT_COMPILATION_MODE = wholemodule;
				SWIFT_OPTIMIZATION_LEVEL = "-O";
				VALIDATE_PRODUCT = YES;
			};
			name = Release;
		};
		C76AD7B226FF38DC00321D9B /* Debug */ = {
			isa = XCBuildConfiguration;
			buildSettings = {
				ASSETCATALOG_COMPILER_APPICON_NAME = AppIcon;
				ASSETCATALOG_COMPILER_GLOBAL_ACCENT_COLOR_NAME = AccentColor;
				CODE_SIGN_STYLE = Automatic;
				CURRENT_PROJECT_VERSION = 1;
				GENERATE_INFOPLIST_FILE = YES;
				INFOPLIST_FILE = ConcurrencySample/Info.plist;
				INFOPLIST_KEY_UIApplicationSupportsIndirectInputEvents = YES;
				INFOPLIST_KEY_UILaunchStoryboardName = LaunchScreen;
				INFOPLIST_KEY_UIMainStoryboardFile = Main;
				INFOPLIST_KEY_UISupportedInterfaceOrientations_iPad = "UIInterfaceOrientationPortrait UIInterfaceOrientationPortraitUpsideDown UIInterfaceOrientationLandscapeLeft UIInterfaceOrientationLandscapeRight";
				INFOPLIST_KEY_UISupportedInterfaceOrientations_iPhone = "UIInterfaceOrientationPortrait UIInterfaceOrientationLandscapeLeft UIInterfaceOrientationLandscapeRight";
				LD_RUNPATH_SEARCH_PATHS = (
					"$(inherited)",
					"@executable_path/Frameworks",
				);
				MARKETING_VERSION = 1.0;
				PRODUCT_BUNDLE_IDENTIFIER = sugiokaseiya.com.ConcurrencySample;
				PRODUCT_NAME = "$(TARGET_NAME)";
				SWIFT_EMIT_LOC_STRINGS = YES;
				SWIFT_VERSION = 5.0;
				TARGETED_DEVICE_FAMILY = "1,2";
			};
			name = Debug;
		};
		C76AD7B326FF38DC00321D9B /* Release */ = {
			isa = XCBuildConfiguration;
			buildSettings = {
				ASSETCATALOG_COMPILER_APPICON_NAME = AppIcon;
				ASSETCATALOG_COMPILER_GLOBAL_ACCENT_COLOR_NAME = AccentColor;
				CODE_SIGN_STYLE = Automatic;
				CURRENT_PROJECT_VERSION = 1;
				GENERATE_INFOPLIST_FILE = YES;
				INFOPLIST_FILE = ConcurrencySample/Info.plist;
				INFOPLIST_KEY_UIApplicationSupportsIndirectInputEvents = YES;
				INFOPLIST_KEY_UILaunchStoryboardName = LaunchScreen;
				INFOPLIST_KEY_UIMainStoryboardFile = Main;
				INFOPLIST_KEY_UISupportedInterfaceOrientations_iPad = "UIInterfaceOrientationPortrait UIInterfaceOrientationPortraitUpsideDown UIInterfaceOrientationLandscapeLeft UIInterfaceOrientationLandscapeRight";
				INFOPLIST_KEY_UISupportedInterfaceOrientations_iPhone = "UIInterfaceOrientationPortrait UIInterfaceOrientationLandscapeLeft UIInterfaceOrientationLandscapeRight";
				LD_RUNPATH_SEARCH_PATHS = (
					"$(inherited)",
					"@executable_path/Frameworks",
				);
				MARKETING_VERSION = 1.0;
				PRODUCT_BUNDLE_IDENTIFIER = sugiokaseiya.com.ConcurrencySample;
				PRODUCT_NAME = "$(TARGET_NAME)";
				SWIFT_EMIT_LOC_STRINGS = YES;
				SWIFT_VERSION = 5.0;
				TARGETED_DEVICE_FAMILY = "1,2";
			};
			name = Release;
		};
		C76AD7B526FF38DC00321D9B /* Debug */ = {
			isa = XCBuildConfiguration;
			buildSettings = {
				ALWAYS_EMBED_SWIFT_STANDARD_LIBRARIES = YES;
				BUNDLE_LOADER = "$(TEST_HOST)";
				CODE_SIGN_STYLE = Automatic;
				CURRENT_PROJECT_VERSION = 1;
				GENERATE_INFOPLIST_FILE = YES;
				IPHONEOS_DEPLOYMENT_TARGET = 15.0;
				LD_RUNPATH_SEARCH_PATHS = (
					"$(inherited)",
					"@executable_path/Frameworks",
					"@loader_path/Frameworks",
				);
				MARKETING_VERSION = 1.0;
				PRODUCT_BUNDLE_IDENTIFIER = sugiokaseiya.com.ConcurrencySampleTests;
				PRODUCT_NAME = "$(TARGET_NAME)";
				SWIFT_EMIT_LOC_STRINGS = NO;
				SWIFT_VERSION = 5.0;
				TARGETED_DEVICE_FAMILY = "1,2";
				TEST_HOST = "$(BUILT_PRODUCTS_DIR)/ConcurrencySample.app/ConcurrencySample";
			};
			name = Debug;
		};
		C76AD7B626FF38DC00321D9B /* Release */ = {
			isa = XCBuildConfiguration;
			buildSettings = {
				ALWAYS_EMBED_SWIFT_STANDARD_LIBRARIES = YES;
				BUNDLE_LOADER = "$(TEST_HOST)";
				CODE_SIGN_STYLE = Automatic;
				CURRENT_PROJECT_VERSION = 1;
				GENERATE_INFOPLIST_FILE = YES;
				IPHONEOS_DEPLOYMENT_TARGET = 15.0;
				LD_RUNPATH_SEARCH_PATHS = (
					"$(inherited)",
					"@executable_path/Frameworks",
					"@loader_path/Frameworks",
				);
				MARKETING_VERSION = 1.0;
				PRODUCT_BUNDLE_IDENTIFIER = sugiokaseiya.com.ConcurrencySampleTests;
				PRODUCT_NAME = "$(TARGET_NAME)";
				SWIFT_EMIT_LOC_STRINGS = NO;
				SWIFT_VERSION = 5.0;
				TARGETED_DEVICE_FAMILY = "1,2";
				TEST_HOST = "$(BUILT_PRODUCTS_DIR)/ConcurrencySample.app/ConcurrencySample";
			};
			name = Release;
		};
		C76AD7B826FF38DC00321D9B /* Debug */ = {
			isa = XCBuildConfiguration;
			buildSettings = {
				ALWAYS_EMBED_SWIFT_STANDARD_LIBRARIES = YES;
				CODE_SIGN_STYLE = Automatic;
				CURRENT_PROJECT_VERSION = 1;
				GENERATE_INFOPLIST_FILE = YES;
				LD_RUNPATH_SEARCH_PATHS = (
					"$(inherited)",
					"@executable_path/Frameworks",
					"@loader_path/Frameworks",
				);
				MARKETING_VERSION = 1.0;
				PRODUCT_BUNDLE_IDENTIFIER = sugiokaseiya.com.ConcurrencySampleUITests;
				PRODUCT_NAME = "$(TARGET_NAME)";
				SWIFT_EMIT_LOC_STRINGS = NO;
				SWIFT_VERSION = 5.0;
				TARGETED_DEVICE_FAMILY = "1,2";
				TEST_TARGET_NAME = ConcurrencySample;
			};
			name = Debug;
		};
		C76AD7B926FF38DC00321D9B /* Release */ = {
			isa = XCBuildConfiguration;
			buildSettings = {
				ALWAYS_EMBED_SWIFT_STANDARD_LIBRARIES = YES;
				CODE_SIGN_STYLE = Automatic;
				CURRENT_PROJECT_VERSION = 1;
				GENERATE_INFOPLIST_FILE = YES;
				LD_RUNPATH_SEARCH_PATHS = (
					"$(inherited)",
					"@executable_path/Frameworks",
					"@loader_path/Frameworks",
				);
				MARKETING_VERSION = 1.0;
				PRODUCT_BUNDLE_IDENTIFIER = sugiokaseiya.com.ConcurrencySampleUITests;
				PRODUCT_NAME = "$(TARGET_NAME)";
				SWIFT_EMIT_LOC_STRINGS = NO;
				SWIFT_VERSION = 5.0;
				TARGETED_DEVICE_FAMILY = "1,2";
				TEST_TARGET_NAME = ConcurrencySample;
			};
			name = Release;
		};
/* End XCBuildConfiguration section */

/* Begin XCConfigurationList section */
		C76AD78226FF38D800321D9B /* Build configuration list for PBXProject "ConcurrencySample" */ = {
			isa = XCConfigurationList;
			buildConfigurations = (
				C76AD7AF26FF38DC00321D9B /* Debug */,
				C76AD7B026FF38DC00321D9B /* Release */,
			);
			defaultConfigurationIsVisible = 0;
			defaultConfigurationName = Release;
		};
		C76AD7B126FF38DC00321D9B /* Build configuration list for PBXNativeTarget "ConcurrencySample" */ = {
			isa = XCConfigurationList;
			buildConfigurations = (
				C76AD7B226FF38DC00321D9B /* Debug */,
				C76AD7B326FF38DC00321D9B /* Release */,
			);
			defaultConfigurationIsVisible = 0;
			defaultConfigurationName = Release;
		};
		C76AD7B426FF38DC00321D9B /* Build configuration list for PBXNativeTarget "ConcurrencySampleTests" */ = {
			isa = XCConfigurationList;
			buildConfigurations = (
				C76AD7B526FF38DC00321D9B /* Debug */,
				C76AD7B626FF38DC00321D9B /* Release */,
			);
			defaultConfigurationIsVisible = 0;
			defaultConfigurationName = Release;
		};
		C76AD7B726FF38DC00321D9B /* Build configuration list for PBXNativeTarget "ConcurrencySampleUITests" */ = {
			isa = XCConfigurationList;
			buildConfigurations = (
				C76AD7B826FF38DC00321D9B /* Debug */,
				C76AD7B926FF38DC00321D9B /* Release */,
			);
			defaultConfigurationIsVisible = 0;
			defaultConfigurationName = Release;
		};
/* End XCConfigurationList section */
	};
	rootObject = C76AD77F26FF38D800321D9B /* Project object */;
}
